
Microsoft Visual Studio Solution File, Format Version 12.00
# Visual Studio Version 17
VisualStudioVersion = 17.12.35527.113
MinimumVisualStudioVersion = 10.0.40219.1
Project("{FAE04EC0-301F-11D3-BF4B-00C04F79EFBC}") = "Yami", "Yami.csproj", "{BE03A4D9-DCE8-4415-BEEF-D6D960377D66}"
EndProject
Project("{FAE04EC0-301F-11D3-BF4B-00C04F79EFBC}") = "Repository", "Repository\Repository.csproj", "{2DD2E7A2-9655-4A8B-B71D-F528A7CE0E0A}"
EndProject
Project("{FAE04EC0-301F-11D3-BF4B-00C04F79EFBC}") = "DataContext", "YamiDbContext\DataContext.csproj", "{32A7327B-8484-4113-985A-AE8422C2F5C1}"
EndProject
Project("{FAE04EC0-301F-11D3-BF4B-00C04F79EFBC}") = "Common", "Common\Common.csproj", "{F86B6803-4EC8-4A3D-83B6-9E0619ABD6FA}"
EndProject
Project("{FAE04EC0-301F-11D3-BF4B-00C04F79EFBC}") = "Service", "Service\Service.csproj", "{6D579EC1-EE9A-4A19-9F04-02B1E3F63F2B}"
EndProject
Global
	GlobalSection(SolutionConfigurationPlatforms) = preSolution
		Debug|Any CPU = Debug|Any CPU
		Release|Any CPU = Release|Any CPU
	EndGlobalSection
	GlobalSection(ProjectConfigurationPlatforms) = postSolution
		{BE03A4D9-DCE8-4415-BEEF-D6D960377D66}.Debug|Any CPU.ActiveCfg = Debug|Any CPU
		{BE03A4D9-DCE8-4415-BEEF-D6D960377D66}.Debug|Any CPU.Build.0 = Debug|Any CPU
		{BE03A4D9-DCE8-4415-BEEF-D6D960377D66}.Release|Any CPU.ActiveCfg = Release|Any CPU
		{BE03A4D9-DCE8-4415-BEEF-D6D960377D66}.Release|Any CPU.Build.0 = Release|Any CPU
		{2DD2E7A2-9655-4A8B-B71D-F528A7CE0E0A}.Debug|Any CPU.ActiveCfg = Debug|Any CPU
		{2DD2E7A2-9655-4A8B-B71D-F528A7CE0E0A}.Debug|Any CPU.Build.0 = Debug|Any CPU
		{2DD2E7A2-9655-4A8B-B71D-F528A7CE0E0A}.Release|Any CPU.ActiveCfg = Release|Any CPU
		{2DD2E7A2-9655-4A8B-B71D-F528A7CE0E0A}.Release|Any CPU.Build.0 = Release|Any CPU
		{32A7327B-8484-4113-985A-AE8422C2F5C1}.Debug|Any CPU.ActiveCfg = Debug|Any CPU
		{32A7327B-8484-4113-985A-AE8422C2F5C1}.Debug|Any CPU.Build.0 = Debug|Any CPU
		{32A7327B-8484-4113-985A-AE8422C2F5C1}.Release|Any CPU.ActiveCfg = Release|Any CPU
		{32A7327B-8484-4113-985A-AE8422C2F5C1}.Release|Any CPU.Build.0 = Release|Any CPU
		{F86B6803-4EC8-4A3D-83B6-9E0619ABD6FA}.Debug|Any CPU.ActiveCfg = Debug|Any CPU
		{F86B6803-4EC8-4A3D-83B6-9E0619ABD6FA}.Debug|Any CPU.Build.0 = Debug|Any CPU
		{F86B6803-4EC8-4A3D-83B6-9E0619ABD6FA}.Release|Any CPU.ActiveCfg = Release|Any CPU
		{F86B6803-4EC8-4A3D-83B6-9E0619ABD6FA}.Release|Any CPU.Build.0 = Release|Any CPU
		{6D579EC1-EE9A-4A19-9F04-02B1E3F63F2B}.Debug|Any CPU.ActiveCfg = Debug|Any CPU
		{6D579EC1-EE9A-4A19-9F04-02B1E3F63F2B}.Debug|Any CPU.Build.0 = Debug|Any CPU
		{6D579EC1-EE9A-4A19-9F04-02B1E3F63F2B}.Release|Any CPU.ActiveCfg = Release|Any CPU
		{6D579EC1-EE9A-4A19-9F04-02B1E3F63F2B}.Release|Any CPU.Build.0 = Release|Any CPU
	EndGlobalSection
	GlobalSection(SolutionProperties) = preSolution
		HideSolutionNode = FALSE
	EndGlobalSection
EndGlobal
